
Microsoft Visual Studio Solution File, Format Version 12.00
# Visual Studio Version 17
VisualStudioVersion = 17.11.35222.181
MinimumVisualStudioVersion = 10.0.40219.1
Project("{FAE04EC0-301F-11D3-BF4B-00C04F79EFBC}") = "Questionnare", "Questionnare.csproj", "{BFD95281-E0AA-414C-A451-765341E189D5}"
EndProject
Project("{FAE04EC0-301F-11D3-BF4B-00C04F79EFBC}") = "Loading_Menu", "Loading_Menu\Loading_Menu.csproj", "{68BD2787-1E5C-487B-AF72-208AC6720A30}"
EndProject
Project("{FAE04EC0-301F-11D3-BF4B-00C04F79EFBC}") = "WindowsFormsApp7", "..\WindowsFormsApp7\WindowsFormsApp7.csproj", "{A5734DD1-149B-4AF8-8CF8-9808F907E3CC}"
EndProject
Global
	GlobalSection(SolutionConfigurationPlatforms) = preSolution
		Debug|Any CPU = Debug|Any CPU
		Release|Any CPU = Release|Any CPU
	EndGlobalSection
	GlobalSection(ProjectConfigurationPlatforms) = postSolution
		{BFD95281-E0AA-414C-A451-765341E189D5}.Debug|Any CPU.ActiveCfg = Debug|Any CPU
		{BFD95281-E0AA-414C-A451-765341E189D5}.Debug|Any CPU.Build.0 = Debug|Any CPU
		{BFD95281-E0AA-414C-A451-765341E189D5}.Release|Any CPU.ActiveCfg = Release|Any CPU
		{BFD95281-E0AA-414C-A451-765341E189D5}.Release|Any CPU.Build.0 = Release|Any CPU
		{68BD2787-1E5C-487B-AF72-208AC6720A30}.Debug|Any CPU.ActiveCfg = Debug|Any CPU
		{68BD2787-1E5C-487B-AF72-208AC6720A30}.Debug|Any CPU.Build.0 = Debug|Any CPU
		{68BD2787-1E5C-487B-AF72-208AC6720A30}.Release|Any CPU.ActiveCfg = Release|Any CPU
		{68BD2787-1E5C-487B-AF72-208AC6720A30}.Release|Any CPU.Build.0 = Release|Any CPU
		{A5734DD1-149B-4AF8-8CF8-9808F907E3CC}.Debug|Any CPU.ActiveCfg = Debug|Any CPU
		{A5734DD1-149B-4AF8-8CF8-9808F907E3CC}.Debug|Any CPU.Build.0 = Debug|Any CPU
		{A5734DD1-149B-4AF8-8CF8-9808F907E3CC}.Release|Any CPU.ActiveCfg = Release|Any CPU
		{A5734DD1-149B-4AF8-8CF8-9808F907E3CC}.Release|Any CPU.Build.0 = Release|Any CPU
	EndGlobalSection
	GlobalSection(SolutionProperties) = preSolution
		HideSolutionNode = FALSE
	EndGlobalSection
	GlobalSection(ExtensibilityGlobals) = postSolution
		SolutionGuid = {E5502576-1D97-46E7-BC49-72241EA9080B}
	EndGlobalSection
EndGlobal
